
Microsoft Visual Studio Solution File, Format Version 12.00
# Visual Studio Version 17
VisualStudioVersion = 17.5.33516.290
MinimumVisualStudioVersion = 10.0.40219.1
Project("{FAE04EC0-301F-11D3-BF4B-00C04F79EFBC}") = "Practicle8", "Practicle8\Practicle8.csproj", "{3724829E-1CD2-4C98-A2E6-A108053F092E}"
EndProject
Global
	GlobalSection(SolutionConfigurationPlatforms) = preSolution
		Debug|Any CPU = Debug|Any CPU
		Release|Any CPU = Release|Any CPU
	EndGlobalSection
	GlobalSection(ProjectConfigurationPlatforms) = postSolution
		{3724829E-1CD2-4C98-A2E6-A108053F092E}.Debug|Any CPU.ActiveCfg = Debug|Any CPU
		{3724829E-1CD2-4C98-A2E6-A108053F092E}.Debug|Any CPU.Build.0 = Debug|Any CPU
		{3724829E-1CD2-4C98-A2E6-A108053F092E}.Release|Any CPU.ActiveCfg = Release|Any CPU
		{3724829E-1CD2-4C98-A2E6-A108053F092E}.Release|Any CPU.Build.0 = Release|Any CPU
	EndGlobalSection
	GlobalSection(SolutionProperties) = preSolution
		HideSolutionNode = FALSE
	EndGlobalSection
	GlobalSection(ExtensibilityGlobals) = postSolution
		SolutionGuid = {49AF6BE0-CEDD-42AA-A192-26909D2FC137}
	EndGlobalSection
EndGlobal
